# This file is generated by running "yarn install" inside your project.
# Manual changes might be lost - proceed with caution!

__metadata:
  version: 8
  cacheKey: 10c0

"@borewit/text-codec@npm:^0.2.1":
  version: 0.2.2
  resolution: "@borewit/text-codec@npm:0.2.2"
  checksum: 10c0/2d3fb132bc6a132914a8fbf8e9ff2fa1ead210ecc395b28bb7355bd7719548a5e351ffe39f21c3bee8048f6cabd99eabd404bb5cc809cad9cba25abed19d271f
  languageName: node
  linkType: hard

"@lukeed/csprng@npm:^1.0.0":
  version: 1.1.0
  resolution: "@lukeed/csprng@npm:1.1.0"
  checksum: 10c0/5d6dcf478af732972083ab2889c294b57f1028fa13c2c240d7a4aaa079c2c75df7ef0dcbdda5419147fc6704b4adf96b2de92f1a9a72ac21c6350c4014fffe6c
  languageName: node
  linkType: hard

"@nestjs/common@npm:^11.0.0":
  version: 11.2.7
  resolution: "@nestjs/common@npm:11.2.7"
  dependencies:
    file-type: "npm:21.3.4"
    iterare: "npm:1.2.1"
    load-esm: "npm:1.0.3"
    tslib: "npm:2.8.1"
    uid: "npm:2.0.2"
  peerDependencies:
    class-transformer: ">=0.4.1"
    class-validator: ">=0.13.2"
    reflect-metadata: ^0.1.12 || ^0.2.0
    rxjs: ^7.1.0
  peerDependenciesMeta:
    class-transformer:
      optional: true
    class-validator:
      optional: true
  checksum: 10c0/e9c934fca6e8de9cb4556a96a80a1fbfee8915749380e2a810d2f71a13a95dd4d158b2841c90f0421d0a5c977b8e1a6f4cd1f88622b6ee07571235a837d0c6df
  languageName: node
  linkType: hard

"@nestjs/core@npm:^11.0.0":
  version: 11.2.7
  resolution: "@nestjs/core@npm:11.2.7"
  dependencies:
    fast-safe-stringify: "npm:2.1.1"
    iterare: "npm:1.2.1"
    path-to-regexp: "npm:8.4.2"
    tslib: "npm:2.8.1"
    uid: "npm:2.0.2"
  peerDependencies:
    "@nestjs/common": ^11.0.0
    "@nestjs/microservices": ^11.0.0
    "@nestjs/platform-express": ^11.0.0
    "@nestjs/websockets": ^11.0.0
    reflect-metadata: ^0.1.12 || ^0.2.0
    rxjs: ^7.1.0
  peerDependenciesMeta:
    "@nestjs/microservices":
      optional: true
    "@nestjs/platform-express":
      optional: true
    "@nestjs/websockets":
      optional: true
  checksum: 10c0/d2ae9e45a2b057df97c5a242f3b07d958cf370797c7aea75c5fb7995caf685e8d742bcf826ad494b3a95aeb69aa16d8c5367c2b65ab61bd0f3113503817cd48a
  languageName: node
  linkType: hard

"@tokenizer/inflate@npm:^0.4.1":
  version: 0.4.1
  resolution: "@tokenizer/inflate@npm:0.4.1"
  dependencies:
    debug: "npm:^4.4.3"
    token-types: "npm:^6.1.1"
  checksum: 10c0/9817516efe21d1ce3bdfb80a1f94efc8981064ce3873448ba79f4d81d96c0694c484c289bd042d346ae5536cf77f5aa9a367d39c3df700eb610761b7c306b4de
  languageName: node
  linkType: hard

"@tokenizer/token@npm:^0.3.0":
  version: 0.3.0
  resolution: "@tokenizer/token@npm:0.3.0"
  checksum: 10c0/7ab9a822d4b5ff3f5bca7f7d14d46bdd8432528e028db4a52be7fbf90c7f495cc1af1324691dda2813c6af8dc4b8eb29de3107d4508165f9aa5b53e7d501f155
  languageName: node
  linkType: hard

"@types/node@npm:^24.0.0":
  version: 24.19.1
  resolution: "@types/node@npm:24.19.1"
  dependencies:
    undici-types: "npm:>=7.24.0 <7.24.7"
  checksum: 10c0/789822cc68a0e0b632fd0a9fa53411e33541f03c18dc19942ed38161c369bf0b013917b4c6c760688bd2d09d940c827a601add118dfa04fe35a285535b2a8596
  languageName: node
  linkType: hard

"@yaroslavfed/bot-sdk-nestjs@workspace:*, @yaroslavfed/bot-sdk-nestjs@workspace:packages/nestjs":
  version: 0.0.0-use.local
  resolution: "@yaroslavfed/bot-sdk-nestjs@workspace:packages/nestjs"
  dependencies:
    "@yaroslavfed/bot-sdk": "workspace:*"
  peerDependencies:
    "@nestjs/common": ^11.0.0
    "@nestjs/core": ^11.0.0
  languageName: unknown
  linkType: soft

"@yaroslavfed/bot-sdk@workspace:*, @yaroslavfed/bot-sdk@workspace:packages/core":
  version: 0.0.0-use.local
  resolution: "@yaroslavfed/bot-sdk@workspace:packages/core"
  languageName: unknown
  linkType: soft

"debug@npm:^4.4.3":
  version: 4.4.3
  resolution: "debug@npm:4.4.3"
  dependencies:
    ms: "npm:^2.1.3"
  peerDependenciesMeta:
    supports-color:
      optional: true
  checksum: 10c0/d79136ec6c83ecbefd0f6a5593da6a9c91ec4d7ddc4b54c883d6e71ec9accb5f67a1a5e96d00a328196b5b5c86d365e98d8a3a70856aaf16b4e7b1985e67f5a6
  languageName: node
  linkType: hard

"elph-bot-sdks-typescript@workspace:.":
  version: 0.0.0-use.local
  resolution: "elph-bot-sdks-typescript@workspace:."
  dependencies:
    "@types/node": "npm:^24.0.0"
    typescript: "npm:^5.7.3"
  languageName: unknown
  linkType: soft

"fast-safe-stringify@npm:2.1.1":
  version: 2.1.1
  resolution: "fast-safe-stringify@npm:2.1.1"
  checksum: 10c0/d90ec1c963394919828872f21edaa3ad6f1dddd288d2bd4e977027afff09f5db40f94e39536d4646f7e01761d704d72d51dce5af1b93717f3489ef808f5f4e4d
  languageName: node
  linkType: hard

"file-type@npm:21.3.4":
  version: 21.3.4
  resolution: "file-type@npm:21.3.4"
  dependencies:
    "@tokenizer/inflate": "npm:^0.4.1"
    strtok3: "npm:^10.3.4"
    token-types: "npm:^6.1.1"
    uint8array-extras: "npm:^1.4.0"
  checksum: 10c0/6f15e7538c5d73f9308d2e897365d253a6647a6751bb1b0d85c78aebc02b8976afb7c6c9b3759687a064b1b3d60246e5504746b8f11e38b0d5a1b339087e00d2
  languageName: node
  linkType: hard

"ieee754@npm:^1.2.1":
  version: 1.2.1
  resolution: "ieee754@npm:1.2.1"
  checksum: 10c0/b0782ef5e0935b9f12883a2e2aa37baa75da6e66ce6515c168697b42160807d9330de9a32ec1ed73149aea02e0d822e572bca6f1e22bdcbd2149e13b050b17bb
  languageName: node
  linkType: hard

"iterare@npm:1.2.1":
  version: 1.2.1
  resolution: "iterare@npm:1.2.1"
  checksum: 10c0/02667d486e3e83ead028ba8484d927498c2ceab7e8c6a69dd881fd02abc4114f00b13abb36b592252fbb578b6e6f99ca1dfc2835408b9158c9a112a9964f453f
  languageName: node
  linkType: hard

"load-esm@npm:1.0.3":
  version: 1.0.3
  resolution: "load-esm@npm:1.0.3"
  checksum: 10c0/285a3666a29c11f7b466bb70ee3582af32893d03ed91b68be939c656a15afd27f3683f5f8d56b52834ce2911ecf1c84e515e6048248fb5268a89b724a8ddbf65
  languageName: node
  linkType: hard

"ms@npm:^2.1.3":
  version: 2.1.3
  resolution: "ms@npm:2.1.3"
  checksum: 10c0/d924b57e7312b3b63ad21fc5b3dc0af5e78d61a1fc7cfb5457edaf26326bf62be5307cc87ffb6862ef1c2b33b0233cdb5d4f01c4c958cc0d660948b65a287a48
  languageName: node
  linkType: hard

"nestjs-echo-bot-example@workspace:examples/nestjs-echo-bot":
  version: 0.0.0-use.local
  resolution: "nestjs-echo-bot-example@workspace:examples/nestjs-echo-bot"
  dependencies:
    "@nestjs/common": "npm:^11.0.0"
    "@nestjs/core": "npm:^11.0.0"
    "@yaroslavfed/bot-sdk": "workspace:*"
    "@yaroslavfed/bot-sdk-nestjs": "workspace:*"
    reflect-metadata: "npm:^0.2.2"
    rxjs: "npm:^7.8.1"
  languageName: unknown
  linkType: soft

"path-to-regexp@npm:8.4.2":
  version: 8.4.2
  resolution: "path-to-regexp@npm:8.4.2"
  checksum: 10c0/05b115c49b47ad252ce05faa32930f643f23769c68b8bcfe78ad833545140c48bbffb3266986d6c8d5db13a64cf12e07e0d72d9882cab830efeefa553533ebaf
  languageName: node
  linkType: hard

"reflect-metadata@npm:^0.2.2":
  version: 0.2.2
  resolution: "reflect-metadata@npm:0.2.2"
  checksum: 10c0/1cd93a15ea291e420204955544637c264c216e7aac527470e393d54b4bb075f10a17e60d8168ec96600c7e0b9fcc0cb0bb6e91c3fbf5b0d8c9056f04e6ac1ec2
  languageName: node
  linkType: hard

"rxjs@npm:^7.8.1":
  version: 7.8.2
  resolution: "rxjs@npm:7.8.2"
  dependencies:
    tslib: "npm:^2.1.0"
  checksum: 10c0/1fcd33d2066ada98ba8f21fcbbcaee9f0b271de1d38dc7f4e256bfbc6ffcdde68c8bfb69093de7eeb46f24b1fb820620bf0223706cff26b4ab99a7ff7b2e2c45
  languageName: node
  linkType: hard

"strtok3@npm:^10.3.4":
  version: 10.3.5
  resolution: "strtok3@npm:10.3.5"
  dependencies:
    "@tokenizer/token": "npm:^0.3.0"
  checksum: 10c0/8d2477b239054c9f1f5b14a65d531147ca158ab9887fdc2d0938e77b7ec8891fb683b58254c7643afd5d98a421a59207534d491762b111f58c795071ecbe9fd1
  languageName: node
  linkType: hard

"token-types@npm:^6.1.1":
  version: 6.1.2
  resolution: "token-types@npm:6.1.2"
  dependencies:
    "@borewit/text-codec": "npm:^0.2.1"
    "@tokenizer/token": "npm:^0.3.0"
    ieee754: "npm:^1.2.1"
  checksum: 10c0/8786e28e3cb65b9e890bc3c38def98e6dfe4565538237f8c0e47dbe549ed8f5f00de8dc464717868308abb4729f1958f78f69e1c4c3deebbb685729113a6fee8
  languageName: node
  linkType: hard

"tslib@npm:2.8.1, tslib@npm:^2.1.0":
  version: 2.8.1
  resolution: "tslib@npm:2.8.1"
  checksum: 10c0/9c4759110a19c53f992d9aae23aac5ced636e99887b51b9e61def52611732872ff7668757d4e4c61f19691e36f4da981cd9485e869b4a7408d689f6bf1f14e62
  languageName: node
  linkType: hard

"typescript@npm:^5.7.3":
  version: 5.9.3
  resolution: "typescript@npm:5.9.3"
  bin:
    tsc: bin/tsc
    tsserver: bin/tsserver
  checksum: 10c0/6bd7552ce39f97e711db5aa048f6f9995b53f1c52f7d8667c1abdc1700c68a76a308f579cd309ce6b53646deb4e9a1be7c813a93baaf0a28ccd536a30270e1c5
  languageName: node
  linkType: hard

"typescript@patch:typescript@npm%3A^5.7.3#optional!builtin<compat/typescript>":
  version: 5.9.3
  resolution: "typescript@patch:typescript@npm%3A5.9.3#optional!builtin<compat/typescript>::version=5.9.3&hash=379a07"
  bin:
    tsc: bin/tsc
    tsserver: bin/tsserver
  checksum: 10c0/6f7e53bf0d9702350deeb6f35e08b69cbc8b958c33e0ec77bdc0ad6a6c8e280f3959dcbfde6f5b0848bece57810696489deaaa53d75de3578ff255d168c1efbd
  languageName: node
  linkType: hard

"uid@npm:2.0.2":
  version: 2.0.2
  resolution: "uid@npm:2.0.2"
  dependencies:
    "@lukeed/csprng": "npm:^1.0.0"
  checksum: 10c0/e9d02d0562c74e74b5a2519e586db9d7f8204978e476cddd191ee1a9efb85efafdbab2dbf3fc3dde0f5da01fd9da161f37d604dabf513447fd2c03d008f1324c
  languageName: node
  linkType: hard

"uint8array-extras@npm:^1.4.0":
  version: 1.6.0
  resolution: "uint8array-extras@npm:1.6.0"
  checksum: 10c0/d53177c025ebea31af1e445abd474027b66341a56f207f352a5a486aa1d492e228bbc883dc4a51ea8358bb88d60a019351e20a92dd17c2ef8326e29fbad57127
  languageName: node
  linkType: hard

"undici-types@npm:>=7.24.0 <7.24.7":
  version: 7.24.6
  resolution: "undici-types@npm:7.24.6"
  checksum: 10c0/d9cd8befb643ac904615c280a095ba4240531f6bb4a5e75a22a7483630ca8d3f1016d2ab6ace6ceda1f63b3a2db2fe037fafe121d6917a0187573aa548ff78ca
  languageName: node
  linkType: hard
